{
  "nodes": {
    "baseConfig": {
      "flake": false,
      "locked": {
        "lastModified": 1687822124,
        "narHash": "sha256-J95XoUTCQqJPdIChvNkz6LZF+ngsq98qSw5yr0kMB8I=",
        "ref": "refs/heads/nn-m16",
        "rev": "4c613d7ac6e388d7e2aa03e4c86f37eb630a428c",
        "revCount": 6,
        "type": "git",
        "url": "file:./config"
      },
      "original": {
        "type": "git",
        "url": "file:./config"
      }
    },
    "darwin": {
      "inputs": {
        "nixpkgs": [
          "nixpkgs"
        ]
      },
      "locked": {
        "lastModified": 1687691275,
        "narHash": "sha256-VVywT8ubStvDPF5TscDBokT3T0l3zsOzCW056noh5zc=",
        "owner": "lnl7",
        "repo": "nix-darwin",
        "rev": "25ae710ba3cd448c5d5678788d37f3d149378bc0",
        "type": "github"
      },
      "original": {
        "owner": "lnl7",
        "ref": "master",
        "repo": "nix-darwin",
        "type": "github"
      }
    },
    "home-manager": {
      "inputs": {
        "nixpkgs": [
          "nixpkgs"
        ]
      },
      "locked": {
        "lastModified": 1687871164,
        "narHash": "sha256-bBFlPthuYX322xOlpJvkjUBz0C+MOBjZdDOOJJ+G2jU=",
        "owner": "nix-community",
        "repo": "home-manager",
        "rev": "07c347bb50994691d7b0095f45ebd8838cf6bc38",
        "type": "github"
      },
      "original": {
        "owner": "nix-community",
        "ref": "release-23.05",
        "repo": "home-manager",
        "type": "github"
      }
    },
    "nixpkgs": {
      "locked": {
        "lastModified": 1687829761,
        "narHash": "sha256-QRe1Y8SS3M4GeC58F/6ajz6V0ZLUVWX3ZAMgov2N3/g=",
        "owner": "nixos",
        "repo": "nixpkgs",
        "rev": "9790f3242da2152d5aa1976e3e4b8b414f4dd206",
        "type": "github"
      },
      "original": {
        "owner": "nixos",
        "ref": "nixos-23.05",
        "repo": "nixpkgs",
        "type": "github"
      }
    },
    "root": {
      "inputs": {
        "baseConfig": "baseConfig",
        "darwin": "darwin",
        "home-manager": "home-manager",
        "nixpkgs": "nixpkgs"
      }
    }
  },
  "root": "root",
  "version": 7
}
