{
  "nodes": {
    "baseConfig": {
      "flake": false,
      "locked": {
        "lastModified": 1688359779,
        "narHash": "sha256-uvqB117RpeVD6yjU+beMWe0lDZcVFhFWiZf/52wsSpo=",
        "ref": "refs/heads/oo-m14",
        "rev": "17f7f47bc8015a7c2c055304abf8b94816a8dc26",
        "revCount": 7,
        "type": "git",
        "url": "file:./config"
      },
      "original": {
        "type": "git",
        "url": "file:./config"
      }
    },
    "darwin": {
      "inputs": {
        "nixpkgs": [
          "nixpkgs"
        ]
      },
      "locked": {
        "lastModified": 1688307440,
        "narHash": "sha256-7PTjbN+/+b799YN7Tk2SS5Vh8A0L3gBo8hmB7Y0VXug=",
        "owner": "lnl7",
        "repo": "nix-darwin",
        "rev": "b06bab83bdf285ea0ae3c8e145a081eb95959047",
        "type": "github"
      },
      "original": {
        "owner": "lnl7",
        "ref": "master",
        "repo": "nix-darwin",
        "type": "github"
      }
    },
    "home-manager": {
      "inputs": {
        "nixpkgs": [
          "nixpkgs"
        ]
      },
      "locked": {
        "lastModified": 1687871164,
        "narHash": "sha256-bBFlPthuYX322xOlpJvkjUBz0C+MOBjZdDOOJJ+G2jU=",
        "owner": "nix-community",
        "repo": "home-manager",
        "rev": "07c347bb50994691d7b0095f45ebd8838cf6bc38",
        "type": "github"
      },
      "original": {
        "owner": "nix-community",
        "ref": "release-23.05",
        "repo": "home-manager",
        "type": "github"
      }
    },
    "nixpkgs": {
      "locked": {
        "lastModified": 1688389917,
        "narHash": "sha256-RKiK1QeommEsjQ8fLgxt4831x9O6n2gD7wAhVZTrr8M=",
        "owner": "nixos",
        "repo": "nixpkgs",
        "rev": "aed4b19d312525ae7ca9bceb4e1efe3357d0e2eb",
        "type": "github"
      },
      "original": {
        "owner": "nixos",
        "ref": "nixos-23.05",
        "repo": "nixpkgs",
        "type": "github"
      }
    },
    "root": {
      "inputs": {
        "baseConfig": "baseConfig",
        "darwin": "darwin",
        "home-manager": "home-manager",
        "nixpkgs": "nixpkgs"
      }
    }
  },
  "root": "root",
  "version": 7
}
